
Microsoft Visual Studio Solution File, Format Version 12.00
# Visual Studio 2013
VisualStudioVersion = 12.0.30723.0
MinimumVisualStudioVersion = 10.0.40219.1
Project("{FAE04EC0-301F-11D3-BF4B-00C04F79EFBC}") = "ExcelAbstraction.NPOI", "ExcelAbstraction.NPOI\ExcelAbstraction.NPOI.csproj", "{018073D8-487D-49A2-8C76-85CB53D746CF}"
EndProject
Global
	GlobalSection(SolutionConfigurationPlatforms) = preSolution
		Debug|Any CPU = Debug|Any CPU
		Release|Any CPU = Release|Any CPU
	EndGlobalSection
	GlobalSection(ProjectConfigurationPlatforms) = postSolution
		{018073D8-487D-49A2-8C76-85CB53D746CF}.Debug|Any CPU.ActiveCfg = Debug|Any CPU
		{018073D8-487D-49A2-8C76-85CB53D746CF}.Debug|Any CPU.Build.0 = Debug|Any CPU
		{018073D8-487D-49A2-8C76-85CB53D746CF}.Release|Any CPU.ActiveCfg = Release|Any CPU
		{018073D8-487D-49A2-8C76-85CB53D746CF}.Release|Any CPU.Build.0 = Release|Any CPU
	EndGlobalSection
	GlobalSection(SolutionProperties) = preSolution
		HideSolutionNode = FALSE
	EndGlobalSection
EndGlobal
